
Microsoft Visual Studio Solution File, Format Version 12.00
# Visual Studio 15
VisualStudioVersion = 15.0.26730.12
MinimumVisualStudioVersion = 10.0.40219.1
Project("{9A19103F-16F7-4668-BE54-9A1E7A4F7556}") = "Toto.Arith", "Toto.Arith\Toto.Arith.csproj", "{3DC7861F-2E92-468A-A639-7C31C9032F69}"
EndProject
Project("{FAE04EC0-301F-11D3-BF4B-00C04F79EFBC}") = "Toto.Forms", "Toto.Forms\Toto.Forms.csproj", "{E0F94CEE-6474-42F9-9FFF-F4E03C897700}"
EndProject
Project("{9A19103F-16F7-4668-BE54-9A1E7A4F7556}") = "Toto.IO", "Toto.IO\Toto.IO.csproj", "{D2ADBC5B-E8E8-4464-950B-4B0D3A0470CE}"
EndProject
Project("{9A19103F-16F7-4668-BE54-9A1E7A4F7556}") = "Toto.Web", "Toto.Web\Toto.Web.csproj", "{446A6116-C58C-4A7E-9B68-72E4718B9023}"
EndProject
Project("{9A19103F-16F7-4668-BE54-9A1E7A4F7556}") = "Toto", "Toto\Toto.csproj", "{AD0E3336-8D53-44E8-B5C5-D523F8551D6F}"
EndProject
Project("{FAE04EC0-301F-11D3-BF4B-00C04F79EFBC}") = "Toto.Win", "Toto.Win\Toto.Win.csproj", "{95DD3335-6258-45C4-B8EF-CE151015229F}"
EndProject
Project("{FAE04EC0-301F-11D3-BF4B-00C04F79EFBC}") = "Toto.Wmi", "Toto.Wmi\Toto.Wmi.csproj", "{2CE5F0EC-3E78-471C-87F7-302035AFB5DC}"
EndProject
Global
	GlobalSection(SolutionConfigurationPlatforms) = preSolution
		Debug|Any CPU = Debug|Any CPU
		Release|Any CPU = Release|Any CPU
	EndGlobalSection
	GlobalSection(ProjectConfigurationPlatforms) = postSolution
		{3DC7861F-2E92-468A-A639-7C31C9032F69}.Debug|Any CPU.ActiveCfg = Debug|Any CPU
		{3DC7861F-2E92-468A-A639-7C31C9032F69}.Debug|Any CPU.Build.0 = Debug|Any CPU
		{3DC7861F-2E92-468A-A639-7C31C9032F69}.Release|Any CPU.ActiveCfg = Release|Any CPU
		{3DC7861F-2E92-468A-A639-7C31C9032F69}.Release|Any CPU.Build.0 = Release|Any CPU
		{E0F94CEE-6474-42F9-9FFF-F4E03C897700}.Debug|Any CPU.ActiveCfg = Debug|Any CPU
		{E0F94CEE-6474-42F9-9FFF-F4E03C897700}.Debug|Any CPU.Build.0 = Debug|Any CPU
		{E0F94CEE-6474-42F9-9FFF-F4E03C897700}.Release|Any CPU.ActiveCfg = Release|Any CPU
		{E0F94CEE-6474-42F9-9FFF-F4E03C897700}.Release|Any CPU.Build.0 = Release|Any CPU
		{D2ADBC5B-E8E8-4464-950B-4B0D3A0470CE}.Debug|Any CPU.ActiveCfg = Debug|Any CPU
		{D2ADBC5B-E8E8-4464-950B-4B0D3A0470CE}.Debug|Any CPU.Build.0 = Debug|Any CPU
		{D2ADBC5B-E8E8-4464-950B-4B0D3A0470CE}.Release|Any CPU.ActiveCfg = Release|Any CPU
		{D2ADBC5B-E8E8-4464-950B-4B0D3A0470CE}.Release|Any CPU.Build.0 = Release|Any CPU
		{446A6116-C58C-4A7E-9B68-72E4718B9023}.Debug|Any CPU.ActiveCfg = Debug|Any CPU
		{446A6116-C58C-4A7E-9B68-72E4718B9023}.Debug|Any CPU.Build.0 = Debug|Any CPU
		{446A6116-C58C-4A7E-9B68-72E4718B9023}.Release|Any CPU.ActiveCfg = Release|Any CPU
		{446A6116-C58C-4A7E-9B68-72E4718B9023}.Release|Any CPU.Build.0 = Release|Any CPU
		{AD0E3336-8D53-44E8-B5C5-D523F8551D6F}.Debug|Any CPU.ActiveCfg = Debug|Any CPU
		{AD0E3336-8D53-44E8-B5C5-D523F8551D6F}.Debug|Any CPU.Build.0 = Debug|Any CPU
		{AD0E3336-8D53-44E8-B5C5-D523F8551D6F}.Release|Any CPU.ActiveCfg = Release|Any CPU
		{AD0E3336-8D53-44E8-B5C5-D523F8551D6F}.Release|Any CPU.Build.0 = Release|Any CPU
		{95DD3335-6258-45C4-B8EF-CE151015229F}.Debug|Any CPU.ActiveCfg = Debug|Any CPU
		{95DD3335-6258-45C4-B8EF-CE151015229F}.Debug|Any CPU.Build.0 = Debug|Any CPU
		{95DD3335-6258-45C4-B8EF-CE151015229F}.Release|Any CPU.ActiveCfg = Release|Any CPU
		{95DD3335-6258-45C4-B8EF-CE151015229F}.Release|Any CPU.Build.0 = Release|Any CPU
		{2CE5F0EC-3E78-471C-87F7-302035AFB5DC}.Debug|Any CPU.ActiveCfg = Debug|Any CPU
		{2CE5F0EC-3E78-471C-87F7-302035AFB5DC}.Debug|Any CPU.Build.0 = Debug|Any CPU
		{2CE5F0EC-3E78-471C-87F7-302035AFB5DC}.Release|Any CPU.ActiveCfg = Release|Any CPU
		{2CE5F0EC-3E78-471C-87F7-302035AFB5DC}.Release|Any CPU.Build.0 = Release|Any CPU
	EndGlobalSection
	GlobalSection(SolutionProperties) = preSolution
		HideSolutionNode = FALSE
	EndGlobalSection
	GlobalSection(ExtensibilityGlobals) = postSolution
		SolutionGuid = {724DD895-4A2B-4C04-A93D-2FECDF29B50D}
	EndGlobalSection
EndGlobal
